
Microsoft Visual Studio Solution File, Format Version 12.00
# Visual Studio Version 17
VisualStudioVersion = 17.12.35707.178
MinimumVisualStudioVersion = 10.0.40219.1
Project("{FAE04EC0-301F-11D3-BF4B-00C04F79EFBC}") = "jie.local.blazor", "jie.local.blazor\jie.local.blazor\jie.local.blazor.csproj", "{2E12E311-A9B4-44D8-A46D-B4206DD5FE1E}"
EndProject
Project("{FAE04EC0-301F-11D3-BF4B-00C04F79EFBC}") = "jie.local.blazor.Client", "jie.local.blazor\jie.local.blazor.Client\jie.local.blazor.Client.csproj", "{525E1A46-D700-4485-9113-A1C3B9FC4905}"
EndProject
Global
	GlobalSection(SolutionConfigurationPlatforms) = preSolution
		Debug|Any CPU = Debug|Any CPU
		Release|Any CPU = Release|Any CPU
	EndGlobalSection
	GlobalSection(ProjectConfigurationPlatforms) = postSolution
		{2E12E311-A9B4-44D8-A46D-B4206DD5FE1E}.Debug|Any CPU.ActiveCfg = Debug|Any CPU
		{2E12E311-A9B4-44D8-A46D-B4206DD5FE1E}.Debug|Any CPU.Build.0 = Debug|Any CPU
		{2E12E311-A9B4-44D8-A46D-B4206DD5FE1E}.Release|Any CPU.ActiveCfg = Release|Any CPU
		{2E12E311-A9B4-44D8-A46D-B4206DD5FE1E}.Release|Any CPU.Build.0 = Release|Any CPU
		{525E1A46-D700-4485-9113-A1C3B9FC4905}.Debug|Any CPU.ActiveCfg = Debug|Any CPU
		{525E1A46-D700-4485-9113-A1C3B9FC4905}.Debug|Any CPU.Build.0 = Debug|Any CPU
		{525E1A46-D700-4485-9113-A1C3B9FC4905}.Release|Any CPU.ActiveCfg = Release|Any CPU
		{525E1A46-D700-4485-9113-A1C3B9FC4905}.Release|Any CPU.Build.0 = Release|Any CPU
	EndGlobalSection
	GlobalSection(SolutionProperties) = preSolution
		HideSolutionNode = FALSE
	EndGlobalSection
EndGlobal
